
Microsoft Visual Studio Solution File, Format Version 12.00
# Visual Studio Version 17
VisualStudioVersion = 17.1.32210.238
MinimumVisualStudioVersion = 10.0.40219.1
Project("{FAE04EC0-301F-11D3-BF4B-00C04F79EFBC}") = "GitHomework", "GitHomework\GitHomework.csproj", "{AA2B3696-662C-476C-B848-5AE83EBE6BB1}"
EndProject
Global
	GlobalSection(SolutionConfigurationPlatforms) = preSolution
		Debug|Any CPU = Debug|Any CPU
		Release|Any CPU = Release|Any CPU
	EndGlobalSection
	GlobalSection(ProjectConfigurationPlatforms) = postSolution
		{AA2B3696-662C-476C-B848-5AE83EBE6BB1}.Debug|Any CPU.ActiveCfg = Debug|Any CPU
		{AA2B3696-662C-476C-B848-5AE83EBE6BB1}.Debug|Any CPU.Build.0 = Debug|Any CPU
		{AA2B3696-662C-476C-B848-5AE83EBE6BB1}.Release|Any CPU.ActiveCfg = Release|Any CPU
		{AA2B3696-662C-476C-B848-5AE83EBE6BB1}.Release|Any CPU.Build.0 = Release|Any CPU
	EndGlobalSection
	GlobalSection(SolutionProperties) = preSolution
		HideSolutionNode = FALSE
	EndGlobalSection
	GlobalSection(ExtensibilityGlobals) = postSolution
		SolutionGuid = {7B04C52A-9FDA-491A-B78A-53F60D99DA4E}
	EndGlobalSection
EndGlobal
